// !$*UTF8*$!
{
	archiveVersion = 1;
	classes = {
	};
	objectVersion = 55;
	objects = {

/* Begin PBXBuildFile section */
		BDA400002833A49B0046627A /* AppItem.swift in Sources */ = {isa = PBXBuildFile; fileRef = BDA4FFFF2833A49B0046627A /* AppItem.swift */; };
		BDA400022833A5210046627A /* Home.swift in Sources */ = {isa = PBXBuildFile; fileRef = BDA400012833A5210046627A /* Home.swift */; };
		BDA400042833A5720046627A /* CardView.swift in Sources */ = {isa = PBXBuildFile; fileRef = BDA400032833A5720046627A /* CardView.swift */; };
		BDA400062833A86D0046627A /* CustomNavigationView.swift in Sources */ = {isa = PBXBuildFile; fileRef = BDA400052833A86D0046627A /* CustomNavigationView.swift */; };
		BDA400082833AAAA0046627A /* CategoryView.swift in Sources */ = {isa = PBXBuildFile; fileRef = BDA400072833AAAA0046627A /* CategoryView.swift */; };
		BDA4FFF02833A4780046627A /* NavigationWithSearchBarApp.swift in Sources */ = {isa = PBXBuildFile; fileRef = BDA4FFEF2833A4780046627A /* NavigationWithSearchBarApp.swift */; };
		BDA4FFF22833A4780046627A /* ContentView.swift in Sources */ = {isa = PBXBuildFile; fileRef = BDA4FFF12833A4780046627A /* ContentView.swift */; };
		BDA4FFF42833A47A0046627A /* Assets.xcassets in Resources */ = {isa = PBXBuildFile; fileRef = BDA4FFF32833A47A0046627A /* Assets.xcassets */; };
		BDA4FFF72833A47A0046627A /* Preview Assets.xcassets in Resources */ = {isa = PBXBuildFile; fileRef = BDA4FFF62833A47A0046627A /* Preview Assets.xcassets */; };
/* End PBXBuildFile section */

/* Begin PBXFileReference section */
		BDA400012833A5210046627A /* Home.swift */ = {isa = PBXFileReference; lastKnownFileType = sourcecode.swift; path = Home.swift; sourceTree = "<group>"; };
		BDA400032833A5720046627A /* CardView.swift */ = {isa = PBXFileReference; lastKnownFileType = sourcecode.swift; path = CardView.swift; sourceTree = "<group>"; };
		BDA400052833A86D0046627A /* CustomNavigationView.swift */ = {isa = PBXFileReference; lastKnownFileType = sourcecode.swift; path = CustomNavigationView.swift; sourceTree = "<group>"; };
		BDA400072833AAAA0046627A /* CategoryView.swift */ = {isa = PBXFileReference; lastKnownFileType = sourcecode.swift; path = CategoryView.swift; sourceTree = "<group>"; };
		BDA4FFEC2833A4780046627A /* NavigationWithSearchBar.app */ = {isa = PBXFileReference; explicitFileType = wrapper.application; includeInIndex = 0; path = NavigationWithSearchBar.app; sourceTree = BUILT_PRODUCTS_DIR; };
		BDA4FFEF2833A4780046627A /* NavigationWithSearchBarApp.swift */ = {isa = PBXFileReference; lastKnownFileType = sourcecode.swift; path = NavigationWithSearchBarApp.swift; sourceTree = "<group>"; };
		BDA4FFF12833A4780046627A /* ContentView.swift */ = {isa = PBXFileReference; lastKnownFileType = sourcecode.swift; path = ContentView.swift; sourceTree = "<group>"; };
		BDA4FFF32833A47A0046627A /* Assets.xcassets */ = {isa = PBXFileReference; lastKnownFileType = folder.assetcatalog; path = Assets.xcassets; sourceTree = "<group>"; };
		BDA4FFF62833A47A0046627A /* Preview Assets.xcassets */ = {isa = PBXFileReference; lastKnownFileType = folder.assetcatalog; path = "Preview Assets.xcassets"; sourceTree = "<group>"; };
		BDA4FFFF2833A49B0046627A /* AppItem.swift */ = {isa = PBXFileReference; lastKnownFileType = sourcecode.swift; path = AppItem.swift; sourceTree = "<group>"; };
/* End PBXFileReference section */

/* Begin PBXFrameworksBuildPhase section */
		BDA4FFE92833A4780046627A /* Frameworks */ = {
			isa = PBXFrameworksBuildPhase;
			buildActionMask = 2147483647;
			files = (
			);
			runOnlyForDeploymentPostprocessing = 0;
		};
/* End PBXFrameworksBuildPhase section */

/* Begin PBXGroup section */
		BDA4FFE32833A4780046627A = {
			isa = PBXGroup;
			children = (
				BDA4FFEE2833A4780046627A /* NavigationWithSearchBar */,
				BDA4FFED2833A4780046627A /* Products */,
			);
			sourceTree = "<group>";
		};
		BDA4FFED2833A4780046627A /* Products */ = {
			isa = PBXGroup;
			children = (
				BDA4FFEC2833A4780046627A /* NavigationWithSearchBar.app */,
			);
			name = Products;
			sourceTree = "<group>";
		};
		BDA4FFEE2833A4780046627A /* NavigationWithSearchBar */ = {
			isa = PBXGroup;
			children = (
				BDA4FFFD2833A47F0046627A /* View */,
				BDA4FFFE2833A4820046627A /* Model */,
				BDA4FFEF2833A4780046627A /* NavigationWithSearchBarApp.swift */,
				BDA4FFF12833A4780046627A /* ContentView.swift */,
				BDA4FFF32833A47A0046627A /* Assets.xcassets */,
				BDA4FFF52833A47A0046627A /* Preview Content */,
			);
			path = NavigationWithSearchBar;
			sourceTree = "<group>";
		};
		BDA4FFF52833A47A0046627A /* Preview Content */ = {
			isa = PBXGroup;
			children = (
				BDA4FFF62833A47A0046627A /* Preview Assets.xcassets */,
			);
			path = "Preview Content";
			sourceTree = "<group>";
		};
		BDA4FFFD2833A47F0046627A /* View */ = {
			isa = PBXGroup;
			children = (
				BDA400012833A5210046627A /* Home.swift */,
				BDA400032833A5720046627A /* CardView.swift */,
				BDA400072833AAAA0046627A /* CategoryView.swift */,
				BDA400052833A86D0046627A /* CustomNavigationView.swift */,
			);
			path = View;
			sourceTree = "<group>";
		};
		BDA4FFFE2833A4820046627A /* Model */ = {
			isa = PBXGroup;
			children = (
				BDA4FFFF2833A49B0046627A /* AppItem.swift */,
			);
			path = Model;
			sourceTree = "<group>";
		};
/* End PBXGroup section */

/* Begin PBXNativeTarget section */
		BDA4FFEB2833A4780046627A /* NavigationWithSearchBar */ = {
			isa = PBXNativeTarget;
			buildConfigurationList = BDA4FFFA2833A47A0046627A /* Build configuration list for PBXNativeTarget "NavigationWithSearchBar" */;
			buildPhases = (
				BDA4FFE82833A4780046627A /* Sources */,
				BDA4FFE92833A4780046627A /* Frameworks */,
				BDA4FFEA2833A4780046627A /* Resources */,
			);
			buildRules = (
			);
			dependencies = (
			);
			name = NavigationWithSearchBar;
			productName = NavigationWithSearchBar;
			productReference = BDA4FFEC2833A4780046627A /* NavigationWithSearchBar.app */;
			productType = "com.apple.product-type.application";
		};
/* End PBXNativeTarget section */

/* Begin PBXProject section */
		BDA4FFE42833A4780046627A /* Project object */ = {
			isa = PBXProject;
			attributes = {
				BuildIndependentTargetsInParallel = 1;
				LastSwiftUpdateCheck = 1330;
				LastUpgradeCheck = 1330;
				TargetAttributes = {
					BDA4FFEB2833A4780046627A = {
						CreatedOnToolsVersion = 13.3.1;
					};
				};
			};
			buildConfigurationList = BDA4FFE72833A4780046627A /* Build configuration list for PBXProject "NavigationWithSearchBar" */;
			compatibilityVersion = "Xcode 13.0";
			developmentRegion = en;
			hasScannedForEncodings = 0;
			knownRegions = (
				en,
				Base,
			);
			mainGroup = BDA4FFE32833A4780046627A;
			productRefGroup = BDA4FFED2833A4780046627A /* Products */;
			projectDirPath = "";
			projectRoot = "";
			targets = (
				BDA4FFEB2833A4780046627A /* NavigationWithSearchBar */,
			);
		};
/* End PBXProject section */

/* Begin PBXResourcesBuildPhase section */
		BDA4FFEA2833A4780046627A /* Resources */ = {
			isa = PBXResourcesBuildPhase;
			buildActionMask = 2147483647;
			files = (
				BDA4FFF72833A47A0046627A /* Preview Assets.xcassets in Resources */,
				BDA4FFF42833A47A0046627A /* Assets.xcassets in Resources */,
			);
			runOnlyForDeploymentPostprocessing = 0;
		};
/* End PBXResourcesBuildPhase section */

/* Begin PBXSourcesBuildPhase section */
		BDA4FFE82833A4780046627A /* Sources */ = {
			isa = PBXSourcesBuildPhase;
			buildActionMask = 2147483647;
			files = (
				BDA400002833A49B0046627A /* AppItem.swift in Sources */,
				BDA400082833AAAA0046627A /* CategoryView.swift in Sources */,
				BDA4FFF22833A4780046627A /* ContentView.swift in Sources */,
				BDA400022833A5210046627A /* Home.swift in Sources */,
				BDA400062833A86D0046627A /* CustomNavigationView.swift in Sources */,
				BDA4FFF02833A4780046627A /* NavigationWithSearchBarApp.swift in Sources */,
				BDA400042833A5720046627A /* CardView.swift in Sources */,
			);
			runOnlyForDeploymentPostprocessing = 0;
		};
/* End PBXSourcesBuildPhase section */

/* Begin XCBuildConfiguration section */
		BDA4FFF82833A47A0046627A /* Debug */ = {
			isa = XCBuildConfiguration;
			buildSettings = {
				ALWAYS_SEARCH_USER_PATHS = NO;
				CLANG_ANALYZER_NONNULL = YES;
				CLANG_ANALYZER_NUMBER_OBJECT_CONVERSION = YES_AGGRESSIVE;
				CLANG_CXX_LANGUAGE_STANDARD = "gnu++17";
				CLANG_ENABLE_MODULES = YES;
				CLANG_ENABLE_OBJC_ARC = YES;
				CLANG_ENABLE_OBJC_WEAK = YES;
				CLANG_WARN_BLOCK_CAPTURE_AUTORELEASING = YES;
				CLANG_WARN_BOOL_CONVERSION = YES;
				CLANG_WARN_COMMA = YES;
				CLANG_WARN_CONSTANT_CONVERSION = YES;
				CLANG_WARN_DEPRECATED_OBJC_IMPLEMENTATIONS = YES;
				CLANG_WARN_DIRECT_OBJC_ISA_USAGE = YES_ERROR;
				CLANG_WARN_DOCUMENTATION_COMMENTS = YES;
				CLANG_WARN_EMPTY_BODY = YES;
				CLANG_WARN_ENUM_CONVERSION = YES;
				CLANG_WARN_INFINITE_RECURSION = YES;
				CLANG_WARN_INT_CONVERSION = YES;
				CLANG_WARN_NON_LITERAL_NULL_CONVERSION = YES;
				CLANG_WARN_OBJC_IMPLICIT_RETAIN_SELF = YES;
				CLANG_WARN_OBJC_LITERAL_CONVERSION = YES;
				CLANG_WARN_OBJC_ROOT_CLASS = YES_ERROR;
				CLANG_WARN_QUOTED_INCLUDE_IN_FRAMEWORK_HEADER = YES;
				CLANG_WARN_RANGE_LOOP_ANALYSIS = YES;
				CLANG_WARN_STRICT_PROTOTYPES = YES;
				CLANG_WARN_SUSPICIOUS_MOVE = YES;
				CLANG_WARN_UNGUARDED_AVAILABILITY = YES_AGGRESSIVE;
				CLANG_WARN_UNREACHABLE_CODE = YES;
				CLANG_WARN__DUPLICATE_METHOD_MATCH = YES;
				COPY_PHASE_STRIP = NO;
				DEBUG_INFORMATION_FORMAT = dwarf;
				ENABLE_STRICT_OBJC_MSGSEND = YES;
				ENABLE_TESTABILITY = YES;
				GCC_C_LANGUAGE_STANDARD = gnu11;
				GCC_DYNAMIC_NO_PIC = NO;
				GCC_NO_COMMON_BLOCKS = YES;
				GCC_OPTIMIZATION_LEVEL = 0;
				GCC_PREPROCESSOR_DEFINITIONS = (
					"DEBUG=1",
					"$(inherited)",
				);
				GCC_WARN_64_TO_32_BIT_CONVERSION = YES;
				GCC_WARN_ABOUT_RETURN_TYPE = YES_ERROR;
				GCC_WARN_UNDECLARED_SELECTOR = YES;
				GCC_WARN_UNINITIALIZED_AUTOS = YES_AGGRESSIVE;
				GCC_WARN_UNUSED_FUNCTION = YES;
				GCC_WARN_UNUSED_VARIABLE = YES;
				IPHONEOS_DEPLOYMENT_TARGET = 15.4;
				MTL_ENABLE_DEBUG_INFO = INCLUDE_SOURCE;
				MTL_FAST_MATH = YES;
				ONLY_ACTIVE_ARCH = YES;
				SDKROOT = iphoneos;
				SWIFT_ACTIVE_COMPILATION_CONDITIONS = DEBUG;
				SWIFT_OPTIMIZATION_LEVEL = "-Onone";
			};
			name = Debug;
		};
		BDA4FFF92833A47A0046627A /* Release */ = {
			isa = XCBuildConfiguration;
			buildSettings = {
				ALWAYS_SEARCH_USER_PATHS = NO;
				CLANG_ANALYZER_NONNULL = YES;
				CLANG_ANALYZER_NUMBER_OBJECT_CONVERSION = YES_AGGRESSIVE;
				CLANG_CXX_LANGUAGE_STANDARD = "gnu++17";
				CLANG_ENABLE_MODULES = YES;
				CLANG_ENABLE_OBJC_ARC = YES;
				CLANG_ENABLE_OBJC_WEAK = YES;
				CLANG_WARN_BLOCK_CAPTURE_AUTORELEASING = YES;
				CLANG_WARN_BOOL_CONVERSION = YES;
				CLANG_WARN_COMMA = YES;
				CLANG_WARN_CONSTANT_CONVERSION = YES;
				CLANG_WARN_DEPRECATED_OBJC_IMPLEMENTATIONS = YES;
				CLANG_WARN_DIRECT_OBJC_ISA_USAGE = YES_ERROR;
				CLANG_WARN_DOCUMENTATION_COMMENTS = YES;
				CLANG_WARN_EMPTY_BODY = YES;
				CLANG_WARN_ENUM_CONVERSION = YES;
				CLANG_WARN_INFINITE_RECURSION = YES;
				CLANG_WARN_INT_CONVERSION = YES;
				CLANG_WARN_NON_LITERAL_NULL_CONVERSION = YES;
				CLANG_WARN_OBJC_IMPLICIT_RETAIN_SELF = YES;
				CLANG_WARN_OBJC_LITERAL_CONVERSION = YES;
				CLANG_WARN_OBJC_ROOT_CLASS = YES_ERROR;
				CLANG_WARN_QUOTED_INCLUDE_IN_FRAMEWORK_HEADER = YES;
				CLANG_WARN_RANGE_LOOP_ANALYSIS = YES;
				CLANG_WARN_STRICT_PROTOTYPES = YES;
				CLANG_WARN_SUSPICIOUS_MOVE = YES;
				CLANG_WARN_UNGUARDED_AVAILABILITY = YES_AGGRESSIVE;
				CLANG_WARN_UNREACHABLE_CODE = YES;
				CLANG_WARN__DUPLICATE_METHOD_MATCH = YES;
				COPY_PHASE_STRIP = NO;
				DEBUG_INFORMATION_FORMAT = "dwarf-with-dsym";
				ENABLE_NS_ASSERTIONS = NO;
				ENABLE_STRICT_OBJC_MSGSEND = YES;
				GCC_C_LANGUAGE_STANDARD = gnu11;
				GCC_NO_COMMON_BLOCKS = YES;
				GCC_WARN_64_TO_32_BIT_CONVERSION = YES;
				GCC_WARN_ABOUT_RETURN_TYPE = YES_ERROR;
				GCC_WARN_UNDECLARED_SELECTOR = YES;
				GCC_WARN_UNINITIALIZED_AUTOS = YES_AGGRESSIVE;
				GCC_WARN_UNUSED_FUNCTION = YES;
				GCC_WARN_UNUSED_VARIABLE = YES;
				IPHONEOS_DEPLOYMENT_TARGET = 15.4;
				MTL_ENABLE_DEBUG_INFO = NO;
				MTL_FAST_MATH = YES;
				SDKROOT = iphoneos;
				SWIFT_COMPILATION_MODE = wholemodule;
				SWIFT_OPTIMIZATION_LEVEL = "-O";
				VALIDATE_PRODUCT = YES;
			};
			name = Release;
		};
		BDA4FFFB2833A47A0046627A /* Debug */ = {
			isa = XCBuildConfiguration;
			buildSettings = {
				ASSETCATALOG_COMPILER_APPICON_NAME = AppIcon;
				ASSETCATALOG_COMPILER_GLOBAL_ACCENT_COLOR_NAME = AccentColor;
				CODE_SIGN_STYLE = Automatic;
				CURRENT_PROJECT_VERSION = 1;
				DEVELOPMENT_ASSET_PATHS = "\"NavigationWithSearchBar/Preview Content\"";
				DEVELOPMENT_TEAM = W7P3R7ZL78;
				ENABLE_PREVIEWS = YES;
				GENERATE_INFOPLIST_FILE = YES;
				INFOPLIST_KEY_UIApplicationSceneManifest_Generation = YES;
				INFOPLIST_KEY_UIApplicationSupportsIndirectInputEvents = YES;
				INFOPLIST_KEY_UILaunchScreen_Generation = YES;
				INFOPLIST_KEY_UISupportedInterfaceOrientations_iPad = "UIInterfaceOrientationPortrait UIInterfaceOrientationPortraitUpsideDown UIInterfaceOrientationLandscapeLeft UIInterfaceOrientationLandscapeRight";
				INFOPLIST_KEY_UISupportedInterfaceOrientations_iPhone = "UIInterfaceOrientationPortrait UIInterfaceOrientationLandscapeLeft UIInterfaceOrientationLandscapeRight";
				LD_RUNPATH_SEARCH_PATHS = (
					"$(inherited)",
					"@executable_path/Frameworks",
				);
				MARKETING_VERSION = 1.0;
				PRODUCT_BUNDLE_IDENTIFIER = com.taekki.NavigationWithSearchBar;
				PRODUCT_NAME = "$(TARGET_NAME)";
				SWIFT_EMIT_LOC_STRINGS = YES;
				SWIFT_VERSION = 5.0;
				TARGETED_DEVICE_FAMILY = "1,2";
			};
			name = Debug;
		};
		BDA4FFFC2833A47A0046627A /* Release */ = {
			isa = XCBuildConfiguration;
			buildSettings = {
				ASSETCATALOG_COMPILER_APPICON_NAME = AppIcon;
				ASSETCATALOG_COMPILER_GLOBAL_ACCENT_COLOR_NAME = AccentColor;
				CODE_SIGN_STYLE = Automatic;
				CURRENT_PROJECT_VERSION = 1;
				DEVELOPMENT_ASSET_PATHS = "\"NavigationWithSearchBar/Preview Content\"";
				DEVELOPMENT_TEAM = W7P3R7ZL78;
				ENABLE_PREVIEWS = YES;
				GENERATE_INFOPLIST_FILE = YES;
				INFOPLIST_KEY_UIApplicationSceneManifest_Generation = YES;
				INFOPLIST_KEY_UIApplicationSupportsIndirectInputEvents = YES;
				INFOPLIST_KEY_UILaunchScreen_Generation = YES;
				INFOPLIST_KEY_UISupportedInterfaceOrientations_iPad = "UIInterfaceOrientationPortrait UIInterfaceOrientationPortraitUpsideDown UIInterfaceOrientationLandscapeLeft UIInterfaceOrientationLandscapeRight";
				INFOPLIST_KEY_UISupportedInterfaceOrientations_iPhone = "UIInterfaceOrientationPortrait UIInterfaceOrientationLandscapeLeft UIInterfaceOrientationLandscapeRight";
				LD_RUNPATH_SEARCH_PATHS = (
					"$(inherited)",
					"@executable_path/Frameworks",
				);
				MARKETING_VERSION = 1.0;
				PRODUCT_BUNDLE_IDENTIFIER = com.taekki.NavigationWithSearchBar;
				PRODUCT_NAME = "$(TARGET_NAME)";
				SWIFT_EMIT_LOC_STRINGS = YES;
				SWIFT_VERSION = 5.0;
				TARGETED_DEVICE_FAMILY = "1,2";
			};
			name = Release;
		};
/* End XCBuildConfiguration section */

/* Begin XCConfigurationList section */
		BDA4FFE72833A4780046627A /* Build configuration list for PBXProject "NavigationWithSearchBar" */ = {
			isa = XCConfigurationList;
			buildConfigurations = (
				BDA4FFF82833A47A0046627A /* Debug */,
				BDA4FFF92833A47A0046627A /* Release */,
			);
			defaultConfigurationIsVisible = 0;
			defaultConfigurationName = Release;
		};
		BDA4FFFA2833A47A0046627A /* Build configuration list for PBXNativeTarget "NavigationWithSearchBar" */ = {
			isa = XCConfigurationList;
			buildConfigurations = (
				BDA4FFFB2833A47A0046627A /* Debug */,
				BDA4FFFC2833A47A0046627A /* Release */,
			);
			defaultConfigurationIsVisible = 0;
			defaultConfigurationName = Release;
		};
/* End XCConfigurationList section */
	};
	rootObject = BDA4FFE42833A4780046627A /* Project object */;
}
